
Microsoft Visual Studio Solution File, Format Version 12.00
# Visual Studio Version 17
VisualStudioVersion = 17.5.002.0
MinimumVisualStudioVersion = 10.0.40219.1
Project("{2150E333-8FDC-42A3-9474-1A3956D46DE8}") = "game", "game", "{DF2510E5-E5EC-4924-8D9E-2A174672A300}"
EndProject
Project("{2150E333-8FDC-42A3-9474-1A3956D46DE8}") = "data", "data", "{C6D26072-A835-427F-B11A-F0F3A240D225}"
EndProject
Project("{2150E333-8FDC-42A3-9474-1A3956D46DE8}") = "assets", "assets", "{EECE20D6-0D27-43D5-884A-8AE05677ADD4}"
EndProject
Project("{9A19103F-16F7-4668-BE54-9A1E7A4F7556}") = "Scripts", "game\data\assets\scripts\Scripts.csproj", "{A7FC18C7-B21B-49FF-BBED-6BE95816F9DC}"
EndProject
Global
	GlobalSection(SolutionConfigurationPlatforms) = preSolution
		Debug|Any CPU = Debug|Any CPU
		Release|Any CPU = Release|Any CPU
	EndGlobalSection
	GlobalSection(ProjectConfigurationPlatforms) = postSolution
		{A7FC18C7-B21B-49FF-BBED-6BE95816F9DC}.Debug|Any CPU.ActiveCfg = Debug|Any CPU
		{A7FC18C7-B21B-49FF-BBED-6BE95816F9DC}.Debug|Any CPU.Build.0 = Debug|Any CPU
		{A7FC18C7-B21B-49FF-BBED-6BE95816F9DC}.Release|Any CPU.ActiveCfg = Release|Any CPU
		{A7FC18C7-B21B-49FF-BBED-6BE95816F9DC}.Release|Any CPU.Build.0 = Release|Any CPU
	EndGlobalSection
	GlobalSection(SolutionProperties) = preSolution
		HideSolutionNode = FALSE
	EndGlobalSection
	GlobalSection(NestedProjects) = preSolution
		{C6D26072-A835-427F-B11A-F0F3A240D225} = {DF2510E5-E5EC-4924-8D9E-2A174672A300}
		{EECE20D6-0D27-43D5-884A-8AE05677ADD4} = {C6D26072-A835-427F-B11A-F0F3A240D225}
		{A7FC18C7-B21B-49FF-BBED-6BE95816F9DC} = {EECE20D6-0D27-43D5-884A-8AE05677ADD4}
	EndGlobalSection
	GlobalSection(ExtensibilityGlobals) = postSolution
		SolutionGuid = {326870DA-A6F3-4444-B73E-CC41823970B8}
	EndGlobalSection
EndGlobal
